
Microsoft Visual Studio Solution File, Format Version 12.00
# Visual Studio Version 18
VisualStudioVersion = 18.0.11222.15
MinimumVisualStudioVersion = 10.0.40219.1
Project("{FAE04EC0-301F-11D3-BF4B-00C04F79EFBC}") = "Archi.Domain", "src\Archi.Domain\Archi.Domain.csproj", "{4058212B-B717-4554-8C6C-953DC85B0709}"
EndProject
Project("{FAE04EC0-301F-11D3-BF4B-00C04F79EFBC}") = "Archi.Infrastructure", "src\Archi.Infrastructure\Archi.Infrastructure.csproj", "{A6CC4EE1-3FEC-4982-9408-3B332E7D36E2}"
EndProject
Project("{FAE04EC0-301F-11D3-BF4B-00C04F79EFBC}") = "Archi.Application", "src\Archi.Application\Archi.Application.csproj", "{93D1E833-D437-405C-AD16-62A9B558F906}"
EndProject
Project("{FAE04EC0-301F-11D3-BF4B-00C04F79EFBC}") = "Archi.Presentation", "src\Archi.Presentation\Archi.Presentation.csproj", "{788A3F5D-9E7A-4C57-B99B-E8EDBA9B34BB}"
EndProject
Project("{2150E333-8FDC-42A3-9474-1A3956D46DE8}") = "src", "src", "{C82E3165-D5D4-4BE7-B29A-C3451A5A7573}"
EndProject
Project("{2150E333-8FDC-42A3-9474-1A3956D46DE8}") = "tests", "tests", "{1AA01083-5EFA-45B7-B4DB-1282BBC55BB7}"
EndProject
Project("{FAE04EC0-301F-11D3-BF4B-00C04F79EFBC}") = "Archi.Common.Tests", "tests\Archi.Common.Tests\Archi.Common.Tests.csproj", "{33CB6E67-EE88-437F-8DCB-814FB96F4B8F}"
EndProject
Project("{FAE04EC0-301F-11D3-BF4B-00C04F79EFBC}") = "Archi.Presentation.Tests", "tests\Archi.Presentation.Tests\Archi.Presentation.Tests.csproj", "{9C40A718-8907-4F8D-9E51-1998619891FD}"
EndProject
Project("{FAE04EC0-301F-11D3-BF4B-00C04F79EFBC}") = "Archi.Application.Tests", "tests\Archi.Application.Tests\Archi.Application.Tests.csproj", "{274719CF-4716-42C5-AE57-65C613BB1580}"
EndProject
Project("{FAE04EC0-301F-11D3-BF4B-00C04F79EFBC}") = "Archi.Domain.Tests", "tests\Archi.Domain.Tests\Archi.Domain.Tests.csproj", "{BF02E803-D9D1-4DCE-809B-A4F582B9D01B}"
EndProject
Project("{2150E333-8FDC-42A3-9474-1A3956D46DE8}") = "logs", "logs", "{BD04D5A5-A642-7749-A6E1-B22EA27A92B9}"
EndProject
Project("{FAE04EC0-301F-11D3-BF4B-00C04F79EFBC}") = "Archi.Application.MediaR", "src\Archi.Application.MediaR\Archi.Application.MediaR.csproj", "{FD451AC1-6504-463F-BEBC-7D3E0528EBD2}"
EndProject
Project("{FAE04EC0-301F-11D3-BF4B-00C04F79EFBC}") = "Archi.SharedKernel", "src\Archi.SharedKernel\Archi.SharedKernel.csproj", "{58726AAF-1C7A-4812-A0D7-2427D668DCD9}"
EndProject
Project("{FAE04EC0-301F-11D3-BF4B-00C04F79EFBC}") = "Archi.Contracts", "src\Archi.Contracts\Archi.Contracts.csproj", "{42259D2A-2638-4795-9A8B-D5155247ECA1}"
EndProject
Global
	GlobalSection(SolutionConfigurationPlatforms) = preSolution
		Debug|Any CPU = Debug|Any CPU
		Debug|x64 = Debug|x64
		Debug|x86 = Debug|x86
		Release|Any CPU = Release|Any CPU
		Release|x64 = Release|x64
		Release|x86 = Release|x86
	EndGlobalSection
	GlobalSection(ProjectConfigurationPlatforms) = postSolution
		{4058212B-B717-4554-8C6C-953DC85B0709}.Debug|Any CPU.ActiveCfg = Debug|Any CPU
		{4058212B-B717-4554-8C6C-953DC85B0709}.Debug|Any CPU.Build.0 = Debug|Any CPU
		{4058212B-B717-4554-8C6C-953DC85B0709}.Debug|x64.ActiveCfg = Debug|Any CPU
		{4058212B-B717-4554-8C6C-953DC85B0709}.Debug|x64.Build.0 = Debug|Any CPU
		{4058212B-B717-4554-8C6C-953DC85B0709}.Debug|x86.ActiveCfg = Debug|Any CPU
		{4058212B-B717-4554-8C6C-953DC85B0709}.Debug|x86.Build.0 = Debug|Any CPU
		{4058212B-B717-4554-8C6C-953DC85B0709}.Release|Any CPU.ActiveCfg = Release|Any CPU
		{4058212B-B717-4554-8C6C-953DC85B0709}.Release|Any CPU.Build.0 = Release|Any CPU
		{4058212B-B717-4554-8C6C-953DC85B0709}.Release|x64.ActiveCfg = Release|Any CPU
		{4058212B-B717-4554-8C6C-953DC85B0709}.Release|x64.Build.0 = Release|Any CPU
		{4058212B-B717-4554-8C6C-953DC85B0709}.Release|x86.ActiveCfg = Release|Any CPU
		{4058212B-B717-4554-8C6C-953DC85B0709}.Release|x86.Build.0 = Release|Any CPU
		{A6CC4EE1-3FEC-4982-9408-3B332E7D36E2}.Debug|Any CPU.ActiveCfg = Debug|Any CPU
		{A6CC4EE1-3FEC-4982-9408-3B332E7D36E2}.Debug|Any CPU.Build.0 = Debug|Any CPU
		{A6CC4EE1-3FEC-4982-9408-3B332E7D36E2}.Debug|x64.ActiveCfg = Debug|Any CPU
		{A6CC4EE1-3FEC-4982-9408-3B332E7D36E2}.Debug|x64.Build.0 = Debug|Any CPU
		{A6CC4EE1-3FEC-4982-9408-3B332E7D36E2}.Debug|x86.ActiveCfg = Debug|Any CPU
		{A6CC4EE1-3FEC-4982-9408-3B332E7D36E2}.Debug|x86.Build.0 = Debug|Any CPU
		{A6CC4EE1-3FEC-4982-9408-3B332E7D36E2}.Release|Any CPU.ActiveCfg = Release|Any CPU
		{A6CC4EE1-3FEC-4982-9408-3B332E7D36E2}.Release|Any CPU.Build.0 = Release|Any CPU
		{A6CC4EE1-3FEC-4982-9408-3B332E7D36E2}.Release|x64.ActiveCfg = Release|Any CPU
		{A6CC4EE1-3FEC-4982-9408-3B332E7D36E2}.Release|x64.Build.0 = Release|Any CPU
		{A6CC4EE1-3FEC-4982-9408-3B332E7D36E2}.Release|x86.ActiveCfg = Release|Any CPU
		{A6CC4EE1-3FEC-4982-9408-3B332E7D36E2}.Release|x86.Build.0 = Release|Any CPU
		{93D1E833-D437-405C-AD16-62A9B558F906}.Debug|Any CPU.ActiveCfg = Debug|Any CPU
		{93D1E833-D437-405C-AD16-62A9B558F906}.Debug|Any CPU.Build.0 = Debug|Any CPU
		{93D1E833-D437-405C-AD16-62A9B558F906}.Debug|x64.ActiveCfg = Debug|Any CPU
		{93D1E833-D437-405C-AD16-62A9B558F906}.Debug|x64.Build.0 = Debug|Any CPU
		{93D1E833-D437-405C-AD16-62A9B558F906}.Debug|x86.ActiveCfg = Debug|Any CPU
		{93D1E833-D437-405C-AD16-62A9B558F906}.Debug|x86.Build.0 = Debug|Any CPU
		{93D1E833-D437-405C-AD16-62A9B558F906}.Release|Any CPU.ActiveCfg = Release|Any CPU
		{93D1E833-D437-405C-AD16-62A9B558F906}.Release|Any CPU.Build.0 = Release|Any CPU
		{93D1E833-D437-405C-AD16-62A9B558F906}.Release|x64.ActiveCfg = Release|Any CPU
		{93D1E833-D437-405C-AD16-62A9B558F906}.Release|x64.Build.0 = Release|Any CPU
		{93D1E833-D437-405C-AD16-62A9B558F906}.Release|x86.ActiveCfg = Release|Any CPU
		{93D1E833-D437-405C-AD16-62A9B558F906}.Release|x86.Build.0 = Release|Any CPU
		{788A3F5D-9E7A-4C57-B99B-E8EDBA9B34BB}.Debug|Any CPU.ActiveCfg = Debug|Any CPU
		{788A3F5D-9E7A-4C57-B99B-E8EDBA9B34BB}.Debug|Any CPU.Build.0 = Debug|Any CPU
		{788A3F5D-9E7A-4C57-B99B-E8EDBA9B34BB}.Debug|x64.ActiveCfg = Debug|Any CPU
		{788A3F5D-9E7A-4C57-B99B-E8EDBA9B34BB}.Debug|x64.Build.0 = Debug|Any CPU
		{788A3F5D-9E7A-4C57-B99B-E8EDBA9B34BB}.Debug|x86.ActiveCfg = Debug|Any CPU
		{788A3F5D-9E7A-4C57-B99B-E8EDBA9B34BB}.Debug|x86.Build.0 = Debug|Any CPU
		{788A3F5D-9E7A-4C57-B99B-E8EDBA9B34BB}.Release|Any CPU.ActiveCfg = Release|Any CPU
		{788A3F5D-9E7A-4C57-B99B-E8EDBA9B34BB}.Release|Any CPU.Build.0 = Release|Any CPU
		{788A3F5D-9E7A-4C57-B99B-E8EDBA9B34BB}.Release|x64.ActiveCfg = Release|Any CPU
		{788A3F5D-9E7A-4C57-B99B-E8EDBA9B34BB}.Release|x64.Build.0 = Release|Any CPU
		{788A3F5D-9E7A-4C57-B99B-E8EDBA9B34BB}.Release|x86.ActiveCfg = Release|Any CPU
		{788A3F5D-9E7A-4C57-B99B-E8EDBA9B34BB}.Release|x86.Build.0 = Release|Any CPU
		{33CB6E67-EE88-437F-8DCB-814FB96F4B8F}.Debug|Any CPU.ActiveCfg = Debug|Any CPU
		{33CB6E67-EE88-437F-8DCB-814FB96F4B8F}.Debug|Any CPU.Build.0 = Debug|Any CPU
		{33CB6E67-EE88-437F-8DCB-814FB96F4B8F}.Debug|x64.ActiveCfg = Debug|Any CPU
		{33CB6E67-EE88-437F-8DCB-814FB96F4B8F}.Debug|x64.Build.0 = Debug|Any CPU
		{33CB6E67-EE88-437F-8DCB-814FB96F4B8F}.Debug|x86.ActiveCfg = Debug|Any CPU
		{33CB6E67-EE88-437F-8DCB-814FB96F4B8F}.Debug|x86.Build.0 = Debug|Any CPU
		{33CB6E67-EE88-437F-8DCB-814FB96F4B8F}.Release|Any CPU.ActiveCfg = Release|Any CPU
		{33CB6E67-EE88-437F-8DCB-814FB96F4B8F}.Release|Any CPU.Build.0 = Release|Any CPU
		{33CB6E67-EE88-437F-8DCB-814FB96F4B8F}.Release|x64.ActiveCfg = Release|Any CPU
		{33CB6E67-EE88-437F-8DCB-814FB96F4B8F}.Release|x64.Build.0 = Release|Any CPU
		{33CB6E67-EE88-437F-8DCB-814FB96F4B8F}.Release|x86.ActiveCfg = Release|Any CPU
		{33CB6E67-EE88-437F-8DCB-814FB96F4B8F}.Release|x86.Build.0 = Release|Any CPU
		{9C40A718-8907-4F8D-9E51-1998619891FD}.Debug|Any CPU.ActiveCfg = Debug|Any CPU
		{9C40A718-8907-4F8D-9E51-1998619891FD}.Debug|Any CPU.Build.0 = Debug|Any CPU
		{9C40A718-8907-4F8D-9E51-1998619891FD}.Debug|x64.ActiveCfg = Debug|Any CPU
		{9C40A718-8907-4F8D-9E51-1998619891FD}.Debug|x64.Build.0 = Debug|Any CPU
		{9C40A718-8907-4F8D-9E51-1998619891FD}.Debug|x86.ActiveCfg = Debug|Any CPU
		{9C40A718-8907-4F8D-9E51-1998619891FD}.Debug|x86.Build.0 = Debug|Any CPU
		{9C40A718-8907-4F8D-9E51-1998619891FD}.Release|Any CPU.ActiveCfg = Release|Any CPU
		{9C40A718-8907-4F8D-9E51-1998619891FD}.Release|Any CPU.Build.0 = Release|Any CPU
		{9C40A718-8907-4F8D-9E51-1998619891FD}.Release|x64.ActiveCfg = Release|Any CPU
		{9C40A718-8907-4F8D-9E51-1998619891FD}.Release|x64.Build.0 = Release|Any CPU
		{9C40A718-8907-4F8D-9E51-1998619891FD}.Release|x86.ActiveCfg = Release|Any CPU
		{9C40A718-8907-4F8D-9E51-1998619891FD}.Release|x86.Build.0 = Release|Any CPU
		{274719CF-4716-42C5-AE57-65C613BB1580}.Debug|Any CPU.ActiveCfg = Debug|Any CPU
		{274719CF-4716-42C5-AE57-65C613BB1580}.Debug|Any CPU.Build.0 = Debug|Any CPU
		{274719CF-4716-42C5-AE57-65C613BB1580}.Debug|x64.ActiveCfg = Debug|Any CPU
		{274719CF-4716-42C5-AE57-65C613BB1580}.Debug|x64.Build.0 = Debug|Any CPU
		{274719CF-4716-42C5-AE57-65C613BB1580}.Debug|x86.ActiveCfg = Debug|Any CPU
		{274719CF-4716-42C5-AE57-65C613BB1580}.Debug|x86.Build.0 = Debug|Any CPU
		{274719CF-4716-42C5-AE57-65C613BB1580}.Release|Any CPU.ActiveCfg = Release|Any CPU
		{274719CF-4716-42C5-AE57-65C613BB1580}.Release|Any CPU.Build.0 = Release|Any CPU
		{274719CF-4716-42C5-AE57-65C613BB1580}.Release|x64.ActiveCfg = Release|Any CPU
		{274719CF-4716-42C5-AE57-65C613BB1580}.Release|x64.Build.0 = Release|Any CPU
		{274719CF-4716-42C5-AE57-65C613BB1580}.Release|x86.ActiveCfg = Release|Any CPU
		{274719CF-4716-42C5-AE57-65C613BB1580}.Release|x86.Build.0 = Release|Any CPU
		{BF02E803-D9D1-4DCE-809B-A4F582B9D01B}.Debug|Any CPU.ActiveCfg = Debug|Any CPU
		{BF02E803-D9D1-4DCE-809B-A4F582B9D01B}.Debug|Any CPU.Build.0 = Debug|Any CPU
		{BF02E803-D9D1-4DCE-809B-A4F582B9D01B}.Debug|x64.ActiveCfg = Debug|Any CPU
		{BF02E803-D9D1-4DCE-809B-A4F582B9D01B}.Debug|x64.Build.0 = Debug|Any CPU
		{BF02E803-D9D1-4DCE-809B-A4F582B9D01B}.Debug|x86.ActiveCfg = Debug|Any CPU
		{BF02E803-D9D1-4DCE-809B-A4F582B9D01B}.Debug|x86.Build.0 = Debug|Any CPU
		{BF02E803-D9D1-4DCE-809B-A4F582B9D01B}.Release|Any CPU.ActiveCfg = Release|Any CPU
		{BF02E803-D9D1-4DCE-809B-A4F582B9D01B}.Release|Any CPU.Build.0 = Release|Any CPU
		{BF02E803-D9D1-4DCE-809B-A4F582B9D01B}.Release|x64.ActiveCfg = Release|Any CPU
		{BF02E803-D9D1-4DCE-809B-A4F582B9D01B}.Release|x64.Build.0 = Release|Any CPU
		{BF02E803-D9D1-4DCE-809B-A4F582B9D01B}.Release|x86.ActiveCfg = Release|Any CPU
		{BF02E803-D9D1-4DCE-809B-A4F582B9D01B}.Release|x86.Build.0 = Release|Any CPU
		{FD451AC1-6504-463F-BEBC-7D3E0528EBD2}.Debug|Any CPU.ActiveCfg = Debug|Any CPU
		{FD451AC1-6504-463F-BEBC-7D3E0528EBD2}.Debug|Any CPU.Build.0 = Debug|Any CPU
		{FD451AC1-6504-463F-BEBC-7D3E0528EBD2}.Debug|x64.ActiveCfg = Debug|Any CPU
		{FD451AC1-6504-463F-BEBC-7D3E0528EBD2}.Debug|x64.Build.0 = Debug|Any CPU
		{FD451AC1-6504-463F-BEBC-7D3E0528EBD2}.Debug|x86.ActiveCfg = Debug|Any CPU
		{FD451AC1-6504-463F-BEBC-7D3E0528EBD2}.Debug|x86.Build.0 = Debug|Any CPU
		{FD451AC1-6504-463F-BEBC-7D3E0528EBD2}.Release|Any CPU.ActiveCfg = Release|Any CPU
		{FD451AC1-6504-463F-BEBC-7D3E0528EBD2}.Release|Any CPU.Build.0 = Release|Any CPU
		{FD451AC1-6504-463F-BEBC-7D3E0528EBD2}.Release|x64.ActiveCfg = Release|Any CPU
		{FD451AC1-6504-463F-BEBC-7D3E0528EBD2}.Release|x64.Build.0 = Release|Any CPU
		{FD451AC1-6504-463F-BEBC-7D3E0528EBD2}.Release|x86.ActiveCfg = Release|Any CPU
		{FD451AC1-6504-463F-BEBC-7D3E0528EBD2}.Release|x86.Build.0 = Release|Any CPU
		{58726AAF-1C7A-4812-A0D7-2427D668DCD9}.Debug|Any CPU.ActiveCfg = Debug|Any CPU
		{58726AAF-1C7A-4812-A0D7-2427D668DCD9}.Debug|Any CPU.Build.0 = Debug|Any CPU
		{58726AAF-1C7A-4812-A0D7-2427D668DCD9}.Debug|x64.ActiveCfg = Debug|Any CPU
		{58726AAF-1C7A-4812-A0D7-2427D668DCD9}.Debug|x64.Build.0 = Debug|Any CPU
		{58726AAF-1C7A-4812-A0D7-2427D668DCD9}.Debug|x86.ActiveCfg = Debug|Any CPU
		{58726AAF-1C7A-4812-A0D7-2427D668DCD9}.Debug|x86.Build.0 = Debug|Any CPU
		{58726AAF-1C7A-4812-A0D7-2427D668DCD9}.Release|Any CPU.ActiveCfg = Release|Any CPU
		{58726AAF-1C7A-4812-A0D7-2427D668DCD9}.Release|Any CPU.Build.0 = Release|Any CPU
		{58726AAF-1C7A-4812-A0D7-2427D668DCD9}.Release|x64.ActiveCfg = Release|Any CPU
		{58726AAF-1C7A-4812-A0D7-2427D668DCD9}.Release|x64.Build.0 = Release|Any CPU
		{58726AAF-1C7A-4812-A0D7-2427D668DCD9}.Release|x86.ActiveCfg = Release|Any CPU
		{58726AAF-1C7A-4812-A0D7-2427D668DCD9}.Release|x86.Build.0 = Release|Any CPU
		{42259D2A-2638-4795-9A8B-D5155247ECA1}.Debug|Any CPU.ActiveCfg = Debug|Any CPU
		{42259D2A-2638-4795-9A8B-D5155247ECA1}.Debug|Any CPU.Build.0 = Debug|Any CPU
		{42259D2A-2638-4795-9A8B-D5155247ECA1}.Debug|x64.ActiveCfg = Debug|Any CPU
		{42259D2A-2638-4795-9A8B-D5155247ECA1}.Debug|x64.Build.0 = Debug|Any CPU
		{42259D2A-2638-4795-9A8B-D5155247ECA1}.Debug|x86.ActiveCfg = Debug|Any CPU
		{42259D2A-2638-4795-9A8B-D5155247ECA1}.Debug|x86.Build.0 = Debug|Any CPU
		{42259D2A-2638-4795-9A8B-D5155247ECA1}.Release|Any CPU.ActiveCfg = Release|Any CPU
		{42259D2A-2638-4795-9A8B-D5155247ECA1}.Release|Any CPU.Build.0 = Release|Any CPU
		{42259D2A-2638-4795-9A8B-D5155247ECA1}.Release|x64.ActiveCfg = Release|Any CPU
		{42259D2A-2638-4795-9A8B-D5155247ECA1}.Release|x64.Build.0 = Release|Any CPU
		{42259D2A-2638-4795-9A8B-D5155247ECA1}.Release|x86.ActiveCfg = Release|Any CPU
		{42259D2A-2638-4795-9A8B-D5155247ECA1}.Release|x86.Build.0 = Release|Any CPU
	EndGlobalSection
	GlobalSection(SolutionProperties) = preSolution
		HideSolutionNode = FALSE
	EndGlobalSection
	GlobalSection(NestedProjects) = preSolution
		{4058212B-B717-4554-8C6C-953DC85B0709} = {C82E3165-D5D4-4BE7-B29A-C3451A5A7573}
		{A6CC4EE1-3FEC-4982-9408-3B332E7D36E2} = {C82E3165-D5D4-4BE7-B29A-C3451A5A7573}
		{93D1E833-D437-405C-AD16-62A9B558F906} = {C82E3165-D5D4-4BE7-B29A-C3451A5A7573}
		{788A3F5D-9E7A-4C57-B99B-E8EDBA9B34BB} = {C82E3165-D5D4-4BE7-B29A-C3451A5A7573}
		{58726AAF-1C7A-4812-A0D7-2427D668DCD9} = {C82E3165-D5D4-4BE7-B29A-C3451A5A7573}
		{42259D2A-2638-4795-9A8B-D5155247ECA1} = {C82E3165-D5D4-4BE7-B29A-C3451A5A7573}
	EndGlobalSection
	GlobalSection(ExtensibilityGlobals) = postSolution
		SolutionGuid = {D1E770A5-ECD7-4609-A4FD-2E7E805709EB}
	EndGlobalSection
EndGlobal
