
Microsoft Visual Studio Solution File, Format Version 12.00
# Visual Studio Version 18
VisualStudioVersion = 18.0.11222.15
MinimumVisualStudioVersion = 10.0.40219.1
Project("{FAE04EC0-301F-11D3-BF4B-00C04F79EFBC}") = "Archi.Domain", "src\Archi.Domain\Archi.Domain.csproj", "{4058212B-B717-4554-8C6C-953DC85B0709}"
EndProject
Project("{FAE04EC0-301F-11D3-BF4B-00C04F79EFBC}") = "Archi.Infrastructure", "src\Archi.Infrastructure\Archi.Infrastructure.csproj", "{A6CC4EE1-3FEC-4982-9408-3B332E7D36E2}"
EndProject
Project("{FAE04EC0-301F-11D3-BF4B-00C04F79EFBC}") = "Archi.Application", "src\Archi.Application\Archi.Application.csproj", "{93D1E833-D437-405C-AD16-62A9B558F906}"
EndProject
Project("{FAE04EC0-301F-11D3-BF4B-00C04F79EFBC}") = "Archi.Presentation", "src\Archi.Presentation\Archi.Presentation.csproj", "{788A3F5D-9E7A-4C57-B99B-E8EDBA9B34BB}"
EndProject
Project("{2150E333-8FDC-42A3-9474-1A3956D46DE8}") = "src", "src", "{C82E3165-D5D4-4BE7-B29A-C3451A5A7573}"
EndProject
Project("{2150E333-8FDC-42A3-9474-1A3956D46DE8}") = "tests", "tests", "{1AA01083-5EFA-45B7-B4DB-1282BBC55BB7}"
EndProject
Project("{FAE04EC0-301F-11D3-BF4B-00C04F79EFBC}") = "Archi.Domain.Tests", "tests\Archi.Domain.Tests\Archi.Domain.Tests.csproj", "{219B5200-9C55-4890-A233-01D930E2CB97}"
EndProject
Project("{FAE04EC0-301F-11D3-BF4B-00C04F79EFBC}") = "Archi.Application.Tests", "tests\Archi.Application.Tests\Archi.Application.Tests.csproj", "{6928DCC6-6757-4DA5-B0F1-3611CCF3888E}"
EndProject
Project("{FAE04EC0-301F-11D3-BF4B-00C04F79EFBC}") = "Archi.Contracts", "src\Archi.Contracts\Archi.Contracts.csproj", "{CE0435BB-D766-48D5-B246-20774D63E100}"
EndProject
Global
	GlobalSection(SolutionConfigurationPlatforms) = preSolution
		Debug|Any CPU = Debug|Any CPU
		Debug|x64 = Debug|x64
		Debug|x86 = Debug|x86
		Release|Any CPU = Release|Any CPU
		Release|x64 = Release|x64
		Release|x86 = Release|x86
	EndGlobalSection
	GlobalSection(ProjectConfigurationPlatforms) = postSolution
		{4058212B-B717-4554-8C6C-953DC85B0709}.Debug|Any CPU.ActiveCfg = Debug|Any CPU
		{4058212B-B717-4554-8C6C-953DC85B0709}.Debug|Any CPU.Build.0 = Debug|Any CPU
		{4058212B-B717-4554-8C6C-953DC85B0709}.Debug|x64.ActiveCfg = Debug|Any CPU
		{4058212B-B717-4554-8C6C-953DC85B0709}.Debug|x64.Build.0 = Debug|Any CPU
		{4058212B-B717-4554-8C6C-953DC85B0709}.Debug|x86.ActiveCfg = Debug|Any CPU
		{4058212B-B717-4554-8C6C-953DC85B0709}.Debug|x86.Build.0 = Debug|Any CPU
		{4058212B-B717-4554-8C6C-953DC85B0709}.Release|Any CPU.ActiveCfg = Release|Any CPU
		{4058212B-B717-4554-8C6C-953DC85B0709}.Release|Any CPU.Build.0 = Release|Any CPU
		{4058212B-B717-4554-8C6C-953DC85B0709}.Release|x64.ActiveCfg = Release|Any CPU
		{4058212B-B717-4554-8C6C-953DC85B0709}.Release|x64.Build.0 = Release|Any CPU
		{4058212B-B717-4554-8C6C-953DC85B0709}.Release|x86.ActiveCfg = Release|Any CPU
		{4058212B-B717-4554-8C6C-953DC85B0709}.Release|x86.Build.0 = Release|Any CPU
		{A6CC4EE1-3FEC-4982-9408-3B332E7D36E2}.Debug|Any CPU.ActiveCfg = Debug|Any CPU
		{A6CC4EE1-3FEC-4982-9408-3B332E7D36E2}.Debug|Any CPU.Build.0 = Debug|Any CPU
		{A6CC4EE1-3FEC-4982-9408-3B332E7D36E2}.Debug|x64.ActiveCfg = Debug|Any CPU
		{A6CC4EE1-3FEC-4982-9408-3B332E7D36E2}.Debug|x64.Build.0 = Debug|Any CPU
		{A6CC4EE1-3FEC-4982-9408-3B332E7D36E2}.Debug|x86.ActiveCfg = Debug|Any CPU
		{A6CC4EE1-3FEC-4982-9408-3B332E7D36E2}.Debug|x86.Build.0 = Debug|Any CPU
		{A6CC4EE1-3FEC-4982-9408-3B332E7D36E2}.Release|Any CPU.ActiveCfg = Release|Any CPU
		{A6CC4EE1-3FEC-4982-9408-3B332E7D36E2}.Release|Any CPU.Build.0 = Release|Any CPU
		{A6CC4EE1-3FEC-4982-9408-3B332E7D36E2}.Release|x64.ActiveCfg = Release|Any CPU
		{A6CC4EE1-3FEC-4982-9408-3B332E7D36E2}.Release|x64.Build.0 = Release|Any CPU
		{A6CC4EE1-3FEC-4982-9408-3B332E7D36E2}.Release|x86.ActiveCfg = Release|Any CPU
		{A6CC4EE1-3FEC-4982-9408-3B332E7D36E2}.Release|x86.Build.0 = Release|Any CPU
		{93D1E833-D437-405C-AD16-62A9B558F906}.Debug|Any CPU.ActiveCfg = Debug|Any CPU
		{93D1E833-D437-405C-AD16-62A9B558F906}.Debug|Any CPU.Build.0 = Debug|Any CPU
		{93D1E833-D437-405C-AD16-62A9B558F906}.Debug|x64.ActiveCfg = Debug|Any CPU
		{93D1E833-D437-405C-AD16-62A9B558F906}.Debug|x64.Build.0 = Debug|Any CPU
		{93D1E833-D437-405C-AD16-62A9B558F906}.Debug|x86.ActiveCfg = Debug|Any CPU
		{93D1E833-D437-405C-AD16-62A9B558F906}.Debug|x86.Build.0 = Debug|Any CPU
		{93D1E833-D437-405C-AD16-62A9B558F906}.Release|Any CPU.ActiveCfg = Release|Any CPU
		{93D1E833-D437-405C-AD16-62A9B558F906}.Release|Any CPU.Build.0 = Release|Any CPU
		{93D1E833-D437-405C-AD16-62A9B558F906}.Release|x64.ActiveCfg = Release|Any CPU
		{93D1E833-D437-405C-AD16-62A9B558F906}.Release|x64.Build.0 = Release|Any CPU
		{93D1E833-D437-405C-AD16-62A9B558F906}.Release|x86.ActiveCfg = Release|Any CPU
		{93D1E833-D437-405C-AD16-62A9B558F906}.Release|x86.Build.0 = Release|Any CPU
		{788A3F5D-9E7A-4C57-B99B-E8EDBA9B34BB}.Debug|Any CPU.ActiveCfg = Debug|Any CPU
		{788A3F5D-9E7A-4C57-B99B-E8EDBA9B34BB}.Debug|Any CPU.Build.0 = Debug|Any CPU
		{788A3F5D-9E7A-4C57-B99B-E8EDBA9B34BB}.Debug|x64.ActiveCfg = Debug|Any CPU
		{788A3F5D-9E7A-4C57-B99B-E8EDBA9B34BB}.Debug|x64.Build.0 = Debug|Any CPU
		{788A3F5D-9E7A-4C57-B99B-E8EDBA9B34BB}.Debug|x86.ActiveCfg = Debug|Any CPU
		{788A3F5D-9E7A-4C57-B99B-E8EDBA9B34BB}.Debug|x86.Build.0 = Debug|Any CPU
		{788A3F5D-9E7A-4C57-B99B-E8EDBA9B34BB}.Release|Any CPU.ActiveCfg = Release|Any CPU
		{788A3F5D-9E7A-4C57-B99B-E8EDBA9B34BB}.Release|Any CPU.Build.0 = Release|Any CPU
		{788A3F5D-9E7A-4C57-B99B-E8EDBA9B34BB}.Release|x64.ActiveCfg = Release|Any CPU
		{788A3F5D-9E7A-4C57-B99B-E8EDBA9B34BB}.Release|x64.Build.0 = Release|Any CPU
		{788A3F5D-9E7A-4C57-B99B-E8EDBA9B34BB}.Release|x86.ActiveCfg = Release|Any CPU
		{788A3F5D-9E7A-4C57-B99B-E8EDBA9B34BB}.Release|x86.Build.0 = Release|Any CPU
		{219B5200-9C55-4890-A233-01D930E2CB97}.Debug|Any CPU.ActiveCfg = Debug|Any CPU
		{219B5200-9C55-4890-A233-01D930E2CB97}.Debug|Any CPU.Build.0 = Debug|Any CPU
		{219B5200-9C55-4890-A233-01D930E2CB97}.Debug|x64.ActiveCfg = Debug|Any CPU
		{219B5200-9C55-4890-A233-01D930E2CB97}.Debug|x64.Build.0 = Debug|Any CPU
		{219B5200-9C55-4890-A233-01D930E2CB97}.Debug|x86.ActiveCfg = Debug|Any CPU
		{219B5200-9C55-4890-A233-01D930E2CB97}.Debug|x86.Build.0 = Debug|Any CPU
		{219B5200-9C55-4890-A233-01D930E2CB97}.Release|Any CPU.ActiveCfg = Release|Any CPU
		{219B5200-9C55-4890-A233-01D930E2CB97}.Release|Any CPU.Build.0 = Release|Any CPU
		{219B5200-9C55-4890-A233-01D930E2CB97}.Release|x64.ActiveCfg = Release|Any CPU
		{219B5200-9C55-4890-A233-01D930E2CB97}.Release|x64.Build.0 = Release|Any CPU
		{219B5200-9C55-4890-A233-01D930E2CB97}.Release|x86.ActiveCfg = Release|Any CPU
		{219B5200-9C55-4890-A233-01D930E2CB97}.Release|x86.Build.0 = Release|Any CPU
		{6928DCC6-6757-4DA5-B0F1-3611CCF3888E}.Debug|Any CPU.ActiveCfg = Debug|Any CPU
		{6928DCC6-6757-4DA5-B0F1-3611CCF3888E}.Debug|Any CPU.Build.0 = Debug|Any CPU
		{6928DCC6-6757-4DA5-B0F1-3611CCF3888E}.Debug|x64.ActiveCfg = Debug|Any CPU
		{6928DCC6-6757-4DA5-B0F1-3611CCF3888E}.Debug|x64.Build.0 = Debug|Any CPU
		{6928DCC6-6757-4DA5-B0F1-3611CCF3888E}.Debug|x86.ActiveCfg = Debug|Any CPU
		{6928DCC6-6757-4DA5-B0F1-3611CCF3888E}.Debug|x86.Build.0 = Debug|Any CPU
		{6928DCC6-6757-4DA5-B0F1-3611CCF3888E}.Release|Any CPU.ActiveCfg = Release|Any CPU
		{6928DCC6-6757-4DA5-B0F1-3611CCF3888E}.Release|Any CPU.Build.0 = Release|Any CPU
		{6928DCC6-6757-4DA5-B0F1-3611CCF3888E}.Release|x64.ActiveCfg = Release|Any CPU
		{6928DCC6-6757-4DA5-B0F1-3611CCF3888E}.Release|x64.Build.0 = Release|Any CPU
		{6928DCC6-6757-4DA5-B0F1-3611CCF3888E}.Release|x86.ActiveCfg = Release|Any CPU
		{6928DCC6-6757-4DA5-B0F1-3611CCF3888E}.Release|x86.Build.0 = Release|Any CPU
		{CE0435BB-D766-48D5-B246-20774D63E100}.Debug|Any CPU.ActiveCfg = Debug|Any CPU
		{CE0435BB-D766-48D5-B246-20774D63E100}.Debug|Any CPU.Build.0 = Debug|Any CPU
		{CE0435BB-D766-48D5-B246-20774D63E100}.Debug|x64.ActiveCfg = Debug|Any CPU
		{CE0435BB-D766-48D5-B246-20774D63E100}.Debug|x64.Build.0 = Debug|Any CPU
		{CE0435BB-D766-48D5-B246-20774D63E100}.Debug|x86.ActiveCfg = Debug|Any CPU
		{CE0435BB-D766-48D5-B246-20774D63E100}.Debug|x86.Build.0 = Debug|Any CPU
		{CE0435BB-D766-48D5-B246-20774D63E100}.Release|Any CPU.ActiveCfg = Release|Any CPU
		{CE0435BB-D766-48D5-B246-20774D63E100}.Release|Any CPU.Build.0 = Release|Any CPU
		{CE0435BB-D766-48D5-B246-20774D63E100}.Release|x64.ActiveCfg = Release|Any CPU
		{CE0435BB-D766-48D5-B246-20774D63E100}.Release|x64.Build.0 = Release|Any CPU
		{CE0435BB-D766-48D5-B246-20774D63E100}.Release|x86.ActiveCfg = Release|Any CPU
		{CE0435BB-D766-48D5-B246-20774D63E100}.Release|x86.Build.0 = Release|Any CPU
	EndGlobalSection
	GlobalSection(SolutionProperties) = preSolution
		HideSolutionNode = FALSE
	EndGlobalSection
	GlobalSection(NestedProjects) = preSolution
		{4058212B-B717-4554-8C6C-953DC85B0709} = {C82E3165-D5D4-4BE7-B29A-C3451A5A7573}
		{A6CC4EE1-3FEC-4982-9408-3B332E7D36E2} = {C82E3165-D5D4-4BE7-B29A-C3451A5A7573}
		{93D1E833-D437-405C-AD16-62A9B558F906} = {C82E3165-D5D4-4BE7-B29A-C3451A5A7573}
		{788A3F5D-9E7A-4C57-B99B-E8EDBA9B34BB} = {C82E3165-D5D4-4BE7-B29A-C3451A5A7573}
		{219B5200-9C55-4890-A233-01D930E2CB97} = {1AA01083-5EFA-45B7-B4DB-1282BBC55BB7}
		{6928DCC6-6757-4DA5-B0F1-3611CCF3888E} = {1AA01083-5EFA-45B7-B4DB-1282BBC55BB7}
		{CE0435BB-D766-48D5-B246-20774D63E100} = {C82E3165-D5D4-4BE7-B29A-C3451A5A7573}
	EndGlobalSection
	GlobalSection(ExtensibilityGlobals) = postSolution
		SolutionGuid = {D1E770A5-ECD7-4609-A4FD-2E7E805709EB}
	EndGlobalSection
EndGlobal
